PODS:
  - mobile-ffmpeg-min (4.2.2)
  - SNFileManager (0.0.1)

DEPENDENCIES:
  - mobile-ffmpeg-min
  - SNFileManager

SPEC REPOS:
  https://github.com/cocoapods/specs.git:
    - mobile-ffmpeg-min
    - SNFileManager

SPEC CHECKSUMS:
  mobile-ffmpeg-min: af8ea0a262f354549a0ecc9b4a39d4f24d275ed3
  SNFileManager: 5afd2c2268e1125fef814d97c65c58b94488bdfe

PODFILE CHECKSUM: b9f329957c89aefb04f2b2c4fc064694ef7af8de

COCOAPODS: 1.7.0.beta.3
