// !$*UTF8*$!
{
	archiveVersion = 1;
	classes = {
	};
	objectVersion = 50;
	objects = {

/* Begin PBXBuildFile section */
		2754D67810B35B3C2ED6FB62 /* libPods-SNFFmpeg.a in Frameworks */ = {isa = PBXBuildFile; fileRef = E65C6EE7223C597BBCAE211C /* libPods-SNFFmpeg.a */; };
		5E59FAA321EB4F2700C642AB /* AVFoundation.framework in Frameworks */ = {isa = PBXBuildFile; fileRef = 5E59FAA221EB4F2700C642AB /* AVFoundation.framework */; };
		5E59FAA521EB4F3000C642AB /* CoreMedia.framework in Frameworks */ = {isa = PBXBuildFile; fileRef = 5E59FAA421EB4F3000C642AB /* CoreMedia.framework */; };
		5E59FAA721EB4F3B00C642AB /* VideoToolbox.framework in Frameworks */ = {isa = PBXBuildFile; fileRef = 5E59FAA621EB4F3B00C642AB /* VideoToolbox.framework */; };
		5E59FAA921EB4F6400C642AB /* AudioToolbox.framework in Frameworks */ = {isa = PBXBuildFile; fileRef = 5E59FAA821EB4F6400C642AB /* AudioToolbox.framework */; };
		5E59FAAB21EB4F7200C642AB /* libz.tbd in Frameworks */ = {isa = PBXBuildFile; fileRef = 5E59FAAA21EB4F7200C642AB /* libz.tbd */; };
		5E59FAAD21EB4F7E00C642AB /* libiconv.tbd in Frameworks */ = {isa = PBXBuildFile; fileRef = 5E59FAAC21EB4F7E00C642AB /* libiconv.tbd */; };
		5E59FAAF21EB4F8800C642AB /* libbz2.tbd in Frameworks */ = {isa = PBXBuildFile; fileRef = 5E59FAAE21EB4F8800C642AB /* libbz2.tbd */; };
		5E59FAB121EB4F9200C642AB /* libc++.tbd in Frameworks */ = {isa = PBXBuildFile; fileRef = 5E59FAB021EB4F9200C642AB /* libc++.tbd */; };
		5E59FAB421EB50F700C642AB /* test.mp4 in Resources */ = {isa = PBXBuildFile; fileRef = 5E59FAB321EB50F700C642AB /* test.mp4 */; };
		98B8F0D521E7579E00387F7C /* AppDelegate.m in Sources */ = {isa = PBXBuildFile; fileRef = 98B8F0D421E7579E00387F7C /* AppDelegate.m */; };
		98B8F0D821E7579E00387F7C /* ViewController.m in Sources */ = {isa = PBXBuildFile; fileRef = 98B8F0D721E7579E00387F7C /* ViewController.m */; };
		98B8F0DB21E7579E00387F7C /* Main.storyboard in Resources */ = {isa = PBXBuildFile; fileRef = 98B8F0D921E7579E00387F7C /* Main.storyboard */; };
		98B8F0DD21E757A100387F7C /* Assets.xcassets in Resources */ = {isa = PBXBuildFile; fileRef = 98B8F0DC21E757A100387F7C /* Assets.xcassets */; };
		98B8F0E021E757A100387F7C /* LaunchScreen.storyboard in Resources */ = {isa = PBXBuildFile; fileRef = 98B8F0DE21E757A100387F7C /* LaunchScreen.storyboard */; };
		98B8F0E321E757A100387F7C /* main.m in Sources */ = {isa = PBXBuildFile; fileRef = 98B8F0E221E757A100387F7C /* main.m */; };
		98B8F0ED21E757A200387F7C /* SNFFmpegTests.m in Sources */ = {isa = PBXBuildFile; fileRef = 98B8F0EC21E757A200387F7C /* SNFFmpegTests.m */; };
		98B8F0F821E757A200387F7C /* SNFFmpegUITests.m in Sources */ = {isa = PBXBuildFile; fileRef = 98B8F0F721E757A200387F7C /* SNFFmpegUITests.m */; };
		FBB693D6434E3A2625743083 /* libPods-SNFFmpegUITests.a in Frameworks */ = {isa = PBXBuildFile; fileRef = 6D7B595BA07D70D8935794FE /* libPods-SNFFmpegUITests.a */; };
		FC551DD7B6D928C05B76552D /* libPods-SNFFmpegTests.a in Frameworks */ = {isa = PBXBuildFile; fileRef = 608EEDFAAE7F0BCDCAFB01C9 /* libPods-SNFFmpegTests.a */; };
/* End PBXBuildFile section */

/* Begin PBXContainerItemProxy section */
		98B8F0E921E757A200387F7C /* PBXContainerItemProxy */ = {
			isa = PBXContainerItemProxy;
			containerPortal = 98B8F0C821E7579D00387F7C /* Project object */;
			proxyType = 1;
			remoteGlobalIDString = 98B8F0CF21E7579E00387F7C;
			remoteInfo = SNFFmpeg;
		};
		98B8F0F421E757A200387F7C /* PBXContainerItemProxy */ = {
			isa = PBXContainerItemProxy;
			containerPortal = 98B8F0C821E7579D00387F7C /* Project object */;
			proxyType = 1;
			remoteGlobalIDString = 98B8F0CF21E7579E00387F7C;
			remoteInfo = SNFFmpeg;
		};
/* End PBXContainerItemProxy section */

/* Begin PBXFileReference section */
		08140FEDDFB546C9C34E5BF6 /* Pods-SNFFmpegUITests.debug.xcconfig */ = {isa = PBXFileReference; includeInIndex = 1; lastKnownFileType = text.xcconfig; name = "Pods-SNFFmpegUITests.debug.xcconfig"; path = "Target Support Files/Pods-SNFFmpegUITests/Pods-SNFFmpegUITests.debug.xcconfig"; sourceTree = "<group>"; };
		2DAD87C48CD08FDF3DFF93AE /* Pods-SNFFmpeg.release.xcconfig */ = {isa = PBXFileReference; includeInIndex = 1; lastKnownFileType = text.xcconfig; name = "Pods-SNFFmpeg.release.xcconfig"; path = "Target Support Files/Pods-SNFFmpeg/Pods-SNFFmpeg.release.xcconfig"; sourceTree = "<group>"; };
		5597AC46DCE44D906BC54B73 /* Pods-SNFFmpegTests.release.xcconfig */ = {isa = PBXFileReference; includeInIndex = 1; lastKnownFileType = text.xcconfig; name = "Pods-SNFFmpegTests.release.xcconfig"; path = "Target Support Files/Pods-SNFFmpegTests/Pods-SNFFmpegTests.release.xcconfig"; sourceTree = "<group>"; };
		5E59FAA221EB4F2700C642AB /* AVFoundation.framework */ = {isa = PBXFileReference; lastKnownFileType = wrapper.framework; name = AVFoundation.framework; path = System/Library/Frameworks/AVFoundation.framework; sourceTree = SDKROOT; };
		5E59FAA421EB4F3000C642AB /* CoreMedia.framework */ = {isa = PBXFileReference; lastKnownFileType = wrapper.framework; name = CoreMedia.framework; path = System/Library/Frameworks/CoreMedia.framework; sourceTree = SDKROOT; };
		5E59FAA621EB4F3B00C642AB /* VideoToolbox.framework */ = {isa = PBXFileReference; lastKnownFileType = wrapper.framework; name = VideoToolbox.framework; path = System/Library/Frameworks/VideoToolbox.framework; sourceTree = SDKROOT; };
		5E59FAA821EB4F6400C642AB /* AudioToolbox.framework */ = {isa = PBXFileReference; lastKnownFileType = wrapper.framework; name = AudioToolbox.framework; path = System/Library/Frameworks/AudioToolbox.framework; sourceTree = SDKROOT; };
		5E59FAAA21EB4F7200C642AB /* libz.tbd */ = {isa = PBXFileReference; lastKnownFileType = "sourcecode.text-based-dylib-definition"; name = libz.tbd; path = usr/lib/libz.tbd; sourceTree = SDKROOT; };
		5E59FAAC21EB4F7E00C642AB /* libiconv.tbd */ = {isa = PBXFileReference; lastKnownFileType = "sourcecode.text-based-dylib-definition"; name = libiconv.tbd; path = usr/lib/libiconv.tbd; sourceTree = SDKROOT; };
		5E59FAAE21EB4F8800C642AB /* libbz2.tbd */ = {isa = PBXFileReference; lastKnownFileType = "sourcecode.text-based-dylib-definition"; name = libbz2.tbd; path = usr/lib/libbz2.tbd; sourceTree = SDKROOT; };
		5E59FAB021EB4F9200C642AB /* libc++.tbd */ = {isa = PBXFileReference; lastKnownFileType = "sourcecode.text-based-dylib-definition"; name = "libc++.tbd"; path = "usr/lib/libc++.tbd"; sourceTree = SDKROOT; };
		5E59FAB321EB50F700C642AB /* test.mp4 */ = {isa = PBXFileReference; lastKnownFileType = file; path = test.mp4; sourceTree = "<group>"; };
		608EEDFAAE7F0BCDCAFB01C9 /* libPods-SNFFmpegTests.a */ = {isa = PBXFileReference; explicitFileType = archive.ar; includeInIndex = 0; path = "libPods-SNFFmpegTests.a"; sourceTree = BUILT_PRODUCTS_DIR; };
		6D7B595BA07D70D8935794FE /* libPods-SNFFmpegUITests.a */ = {isa = PBXFileReference; explicitFileType = archive.ar; includeInIndex = 0; path = "libPods-SNFFmpegUITests.a"; sourceTree = BUILT_PRODUCTS_DIR; };
		98B8F0D021E7579E00387F7C /* SNFFmpeg.app */ = {isa = PBXFileReference; explicitFileType = wrapper.application; includeInIndex = 0; path = SNFFmpeg.app; sourceTree = BUILT_PRODUCTS_DIR; };
		98B8F0D321E7579E00387F7C /* AppDelegate.h */ = {isa = PBXFileReference; lastKnownFileType = sourcecode.c.h; path = AppDelegate.h; sourceTree = "<group>"; };
		98B8F0D421E7579E00387F7C /* AppDelegate.m */ = {isa = PBXFileReference; lastKnownFileType = sourcecode.c.objc; path = AppDelegate.m; sourceTree = "<group>"; };
		98B8F0D621E7579E00387F7C /* ViewController.h */ = {isa = PBXFileReference; lastKnownFileType = sourcecode.c.h; path = ViewController.h; sourceTree = "<group>"; };
		98B8F0D721E7579E00387F7C /* ViewController.m */ = {isa = PBXFileReference; lastKnownFileType = sourcecode.c.objc; path = ViewController.m; sourceTree = "<group>"; };
		98B8F0DA21E7579E00387F7C /* Base */ = {isa = PBXFileReference; lastKnownFileType = file.storyboard; name = Base; path = Base.lproj/Main.storyboard; sourceTree = "<group>"; };
		98B8F0DC21E757A100387F7C /* Assets.xcassets */ = {isa = PBXFileReference; lastKnownFileType = folder.assetcatalog; path = Assets.xcassets; sourceTree = "<group>"; };
		98B8F0DF21E757A100387F7C /* Base */ = {isa = PBXFileReference; lastKnownFileType = file.storyboard; name = Base; path = Base.lproj/LaunchScreen.storyboard; sourceTree = "<group>"; };
		98B8F0E121E757A100387F7C /* Info.plist */ = {isa = PBXFileReference; lastKnownFileType = text.plist.xml; path = Info.plist; sourceTree = "<group>"; };
		98B8F0E221E757A100387F7C /* main.m */ = {isa = PBXFileReference; lastKnownFileType = sourcecode.c.objc; path = main.m; sourceTree = "<group>"; };
		98B8F0E821E757A200387F7C /* SNFFmpegTests.xctest */ = {isa = PBXFileReference; explicitFileType = wrapper.cfbundle; includeInIndex = 0; path = SNFFmpegTests.xctest; sourceTree = BUILT_PRODUCTS_DIR; };
		98B8F0EC21E757A200387F7C /* SNFFmpegTests.m */ = {isa = PBXFileReference; lastKnownFileType = sourcecode.c.objc; path = SNFFmpegTests.m; sourceTree = "<group>"; };
		98B8F0EE21E757A200387F7C /* Info.plist */ = {isa = PBXFileReference; lastKnownFileType = text.plist.xml; path = Info.plist; sourceTree = "<group>"; };
		98B8F0F321E757A200387F7C /* SNFFmpegUITests.xctest */ = {isa = PBXFileReference; explicitFileType = wrapper.cfbundle; includeInIndex = 0; path = SNFFmpegUITests.xctest; sourceTree = BUILT_PRODUCTS_DIR; };
		98B8F0F721E757A200387F7C /* SNFFmpegUITests.m */ = {isa = PBXFileReference; lastKnownFileType = sourcecode.c.objc; path = SNFFmpegUITests.m; sourceTree = "<group>"; };
		98B8F0F921E757A200387F7C /* Info.plist */ = {isa = PBXFileReference; lastKnownFileType = text.plist.xml; path = Info.plist; sourceTree = "<group>"; };
		B5D7313F96DE997D0F2E9D03 /* Pods-SNFFmpeg.debug.xcconfig */ = {isa = PBXFileReference; includeInIndex = 1; lastKnownFileType = text.xcconfig; name = "Pods-SNFFmpeg.debug.xcconfig"; path = "Target Support Files/Pods-SNFFmpeg/Pods-SNFFmpeg.debug.xcconfig"; sourceTree = "<group>"; };
		C66EF8A0B0F9335CD674902D /* Pods-SNFFmpegTests.debug.xcconfig */ = {isa = PBXFileReference; includeInIndex = 1; lastKnownFileType = text.xcconfig; name = "Pods-SNFFmpegTests.debug.xcconfig"; path = "Target Support Files/Pods-SNFFmpegTests/Pods-SNFFmpegTests.debug.xcconfig"; sourceTree = "<group>"; };
		CB897F14AEBB99A26D3B7EEC /* Pods-SNFFmpegUITests.release.xcconfig */ = {isa = PBXFileReference; includeInIndex = 1; lastKnownFileType = text.xcconfig; name = "Pods-SNFFmpegUITests.release.xcconfig"; path = "Target Support Files/Pods-SNFFmpegUITests/Pods-SNFFmpegUITests.release.xcconfig"; sourceTree = "<group>"; };
		E65C6EE7223C597BBCAE211C /* libPods-SNFFmpeg.a */ = {isa = PBXFileReference; explicitFileType = archive.ar; includeInIndex = 0; path = "libPods-SNFFmpeg.a"; sourceTree = BUILT_PRODUCTS_DIR; };
/* End PBXFileReference section */

/* Begin PBXFrameworksBuildPhase section */
		98B8F0CD21E7579E00387F7C /* Frameworks */ = {
			isa = PBXFrameworksBuildPhase;
			buildActionMask = 2147483647;
			files = (
				5E59FAB121EB4F9200C642AB /* libc++.tbd in Frameworks */,
				5E59FAAF21EB4F8800C642AB /* libbz2.tbd in Frameworks */,
				5E59FAAD21EB4F7E00C642AB /* libiconv.tbd in Frameworks */,
				5E59FAAB21EB4F7200C642AB /* libz.tbd in Frameworks */,
				5E59FAA921EB4F6400C642AB /* AudioToolbox.framework in Frameworks */,
				5E59FAA721EB4F3B00C642AB /* VideoToolbox.framework in Frameworks */,
				5E59FAA521EB4F3000C642AB /* CoreMedia.framework in Frameworks */,
				5E59FAA321EB4F2700C642AB /* AVFoundation.framework in Frameworks */,
				2754D67810B35B3C2ED6FB62 /* libPods-SNFFmpeg.a in Frameworks */,
			);
			runOnlyForDeploymentPostprocessing = 0;
		};
		98B8F0E521E757A200387F7C /* Frameworks */ = {
			isa = PBXFrameworksBuildPhase;
			buildActionMask = 2147483647;
			files = (
				FC551DD7B6D928C05B76552D /* libPods-SNFFmpegTests.a in Frameworks */,
			);
			runOnlyForDeploymentPostprocessing = 0;
		};
		98B8F0F021E757A200387F7C /* Frameworks */ = {
			isa = PBXFrameworksBuildPhase;
			buildActionMask = 2147483647;
			files = (
				FBB693D6434E3A2625743083 /* libPods-SNFFmpegUITests.a in Frameworks */,
			);
			runOnlyForDeploymentPostprocessing = 0;
		};
/* End PBXFrameworksBuildPhase section */

/* Begin PBXGroup section */
		5E59FAA121EB4F2700C642AB /* Frameworks */ = {
			isa = PBXGroup;
			children = (
				5E59FAB021EB4F9200C642AB /* libc++.tbd */,
				5E59FAAE21EB4F8800C642AB /* libbz2.tbd */,
				5E59FAAC21EB4F7E00C642AB /* libiconv.tbd */,
				5E59FAAA21EB4F7200C642AB /* libz.tbd */,
				5E59FAA821EB4F6400C642AB /* AudioToolbox.framework */,
				5E59FAA621EB4F3B00C642AB /* VideoToolbox.framework */,
				5E59FAA421EB4F3000C642AB /* CoreMedia.framework */,
				5E59FAA221EB4F2700C642AB /* AVFoundation.framework */,
				E65C6EE7223C597BBCAE211C /* libPods-SNFFmpeg.a */,
				608EEDFAAE7F0BCDCAFB01C9 /* libPods-SNFFmpegTests.a */,
				6D7B595BA07D70D8935794FE /* libPods-SNFFmpegUITests.a */,
			);
			name = Frameworks;
			sourceTree = "<group>";
		};
		5E59FAB221EB50CC00C642AB /* Resources */ = {
			isa = PBXGroup;
			children = (
				5E59FAB321EB50F700C642AB /* test.mp4 */,
			);
			path = Resources;
			sourceTree = "<group>";
		};
		98B8F0C721E7579D00387F7C = {
			isa = PBXGroup;
			children = (
				98B8F0D221E7579E00387F7C /* SNFFmpeg */,
				98B8F0EB21E757A200387F7C /* SNFFmpegTests */,
				98B8F0F621E757A200387F7C /* SNFFmpegUITests */,
				98B8F0D121E7579E00387F7C /* Products */,
				5E59FAA121EB4F2700C642AB /* Frameworks */,
				AE837566BD4C9B2A55F3A5F3 /* Pods */,
			);
			sourceTree = "<group>";
		};
		98B8F0D121E7579E00387F7C /* Products */ = {
			isa = PBXGroup;
			children = (
				98B8F0D021E7579E00387F7C /* SNFFmpeg.app */,
				98B8F0E821E757A200387F7C /* SNFFmpegTests.xctest */,
				98B8F0F321E757A200387F7C /* SNFFmpegUITests.xctest */,
			);
			name = Products;
			sourceTree = "<group>";
		};
		98B8F0D221E7579E00387F7C /* SNFFmpeg */ = {
			isa = PBXGroup;
			children = (
				98B8F0D321E7579E00387F7C /* AppDelegate.h */,
				98B8F0D421E7579E00387F7C /* AppDelegate.m */,
				98B8F0D621E7579E00387F7C /* ViewController.h */,
				98B8F0D721E7579E00387F7C /* ViewController.m */,
				5E59FAB221EB50CC00C642AB /* Resources */,
				98B8F0D921E7579E00387F7C /* Main.storyboard */,
				98B8F0DC21E757A100387F7C /* Assets.xcassets */,
				98B8F0DE21E757A100387F7C /* LaunchScreen.storyboard */,
				98B8F0E121E757A100387F7C /* Info.plist */,
				98B8F0E221E757A100387F7C /* main.m */,
			);
			path = SNFFmpeg;
			sourceTree = "<group>";
		};
		98B8F0EB21E757A200387F7C /* SNFFmpegTests */ = {
			isa = PBXGroup;
			children = (
				98B8F0EC21E757A200387F7C /* SNFFmpegTests.m */,
				98B8F0EE21E757A200387F7C /* Info.plist */,
			);
			path = SNFFmpegTests;
			sourceTree = "<group>";
		};
		98B8F0F621E757A200387F7C /* SNFFmpegUITests */ = {
			isa = PBXGroup;
			children = (
				98B8F0F721E757A200387F7C /* SNFFmpegUITests.m */,
				98B8F0F921E757A200387F7C /* Info.plist */,
			);
			path = SNFFmpegUITests;
			sourceTree = "<group>";
		};
		AE837566BD4C9B2A55F3A5F3 /* Pods */ = {
			isa = PBXGroup;
			children = (
				B5D7313F96DE997D0F2E9D03 /* Pods-SNFFmpeg.debug.xcconfig */,
				2DAD87C48CD08FDF3DFF93AE /* Pods-SNFFmpeg.release.xcconfig */,
				C66EF8A0B0F9335CD674902D /* Pods-SNFFmpegTests.debug.xcconfig */,
				5597AC46DCE44D906BC54B73 /* Pods-SNFFmpegTests.release.xcconfig */,
				08140FEDDFB546C9C34E5BF6 /* Pods-SNFFmpegUITests.debug.xcconfig */,
				CB897F14AEBB99A26D3B7EEC /* Pods-SNFFmpegUITests.release.xcconfig */,
			);
			path = Pods;
			sourceTree = "<group>";
		};
/* End PBXGroup section */

/* Begin PBXNativeTarget section */
		98B8F0CF21E7579E00387F7C /* SNFFmpeg */ = {
			isa = PBXNativeTarget;
			buildConfigurationList = 98B8F0FC21E757A200387F7C /* Build configuration list for PBXNativeTarget "SNFFmpeg" */;
			buildPhases = (
				9ACCAA5B945563A38327150B /* [CP] Check Pods Manifest.lock */,
				98B8F0CC21E7579E00387F7C /* Sources */,
				98B8F0CD21E7579E00387F7C /* Frameworks */,
				98B8F0CE21E7579E00387F7C /* Resources */,
			);
			buildRules = (
			);
			dependencies = (
			);
			name = SNFFmpeg;
			productName = SNFFmpeg;
			productReference = 98B8F0D021E7579E00387F7C /* SNFFmpeg.app */;
			productType = "com.apple.product-type.application";
		};
		98B8F0E721E757A200387F7C /* SNFFmpegTests */ = {
			isa = PBXNativeTarget;
			buildConfigurationList = 98B8F0FF21E757A200387F7C /* Build configuration list for PBXNativeTarget "SNFFmpegTests" */;
			buildPhases = (
				B4BF1D63467E7262C123600B /* [CP] Check Pods Manifest.lock */,
				98B8F0E421E757A200387F7C /* Sources */,
				98B8F0E521E757A200387F7C /* Frameworks */,
				98B8F0E621E757A200387F7C /* Resources */,
			);
			buildRules = (
			);
			dependencies = (
				98B8F0EA21E757A200387F7C /* PBXTargetDependency */,
			);
			name = SNFFmpegTests;
			productName = SNFFmpegTests;
			productReference = 98B8F0E821E757A200387F7C /* SNFFmpegTests.xctest */;
			productType = "com.apple.product-type.bundle.unit-test";
		};
		98B8F0F221E757A200387F7C /* SNFFmpegUITests */ = {
			isa = PBXNativeTarget;
			buildConfigurationList = 98B8F10221E757A200387F7C /* Build configuration list for PBXNativeTarget "SNFFmpegUITests" */;
			buildPhases = (
				8B34FACD27418D8252F655F2 /* [CP] Check Pods Manifest.lock */,
				98B8F0EF21E757A200387F7C /* Sources */,
				98B8F0F021E757A200387F7C /* Frameworks */,
				98B8F0F121E757A200387F7C /* Resources */,
			);
			buildRules = (
			);
			dependencies = (
				98B8F0F521E757A200387F7C /* PBXTargetDependency */,
			);
			name = SNFFmpegUITests;
			productName = SNFFmpegUITests;
			productReference = 98B8F0F321E757A200387F7C /* SNFFmpegUITests.xctest */;
			productType = "com.apple.product-type.bundle.ui-testing";
		};
/* End PBXNativeTarget section */

/* Begin PBXProject section */
		98B8F0C821E7579D00387F7C /* Project object */ = {
			isa = PBXProject;
			attributes = {
				LastUpgradeCheck = 1010;
				ORGANIZATIONNAME = snlo;
				TargetAttributes = {
					98B8F0CF21E7579E00387F7C = {
						CreatedOnToolsVersion = 10.1;
					};
					98B8F0E721E757A200387F7C = {
						CreatedOnToolsVersion = 10.1;
						TestTargetID = 98B8F0CF21E7579E00387F7C;
					};
					98B8F0F221E757A200387F7C = {
						CreatedOnToolsVersion = 10.1;
						TestTargetID = 98B8F0CF21E7579E00387F7C;
					};
				};
			};
			buildConfigurationList = 98B8F0CB21E7579D00387F7C /* Build configuration list for PBXProject "SNFFmpeg" */;
			compatibilityVersion = "Xcode 9.3";
			developmentRegion = en;
			hasScannedForEncodings = 0;
			knownRegions = (
				en,
				Base,
			);
			mainGroup = 98B8F0C721E7579D00387F7C;
			productRefGroup = 98B8F0D121E7579E00387F7C /* Products */;
			projectDirPath = "";
			projectRoot = "";
			targets = (
				98B8F0CF21E7579E00387F7C /* SNFFmpeg */,
				98B8F0E721E757A200387F7C /* SNFFmpegTests */,
				98B8F0F221E757A200387F7C /* SNFFmpegUITests */,
			);
		};
/* End PBXProject section */

/* Begin PBXResourcesBuildPhase section */
		98B8F0CE21E7579E00387F7C /* Resources */ = {
			isa = PBXResourcesBuildPhase;
			buildActionMask = 2147483647;
			files = (
				98B8F0E021E757A100387F7C /* LaunchScreen.storyboard in Resources */,
				98B8F0DD21E757A100387F7C /* Assets.xcassets in Resources */,
				5E59FAB421EB50F700C642AB /* test.mp4 in Resources */,
				98B8F0DB21E7579E00387F7C /* Main.storyboard in Resources */,
			);
			runOnlyForDeploymentPostprocessing = 0;
		};
		98B8F0E621E757A200387F7C /* Resources */ = {
			isa = PBXResourcesBuildPhase;
			buildActionMask = 2147483647;
			files = (
			);
			runOnlyForDeploymentPostprocessing = 0;
		};
		98B8F0F121E757A200387F7C /* Resources */ = {
			isa = PBXResourcesBuildPhase;
			buildActionMask = 2147483647;
			files = (
			);
			runOnlyForDeploymentPostprocessing = 0;
		};
/* End PBXResourcesBuildPhase section */

/* Begin PBXShellScriptBuildPhase section */
		8B34FACD27418D8252F655F2 /* [CP] Check Pods Manifest.lock */ = {
			isa = PBXShellScriptBuildPhase;
			buildActionMask = 2147483647;
			files = (
			);
			inputFileListPaths = (
			);
			inputPaths = (
				"${PODS_PODFILE_DIR_PATH}/Podfile.lock",
				"${PODS_ROOT}/Manifest.lock",
			);
			name = "[CP] Check Pods Manifest.lock";
			outputFileListPaths = (
			);
			outputPaths = (
				"$(DERIVED_FILE_DIR)/Pods-SNFFmpegUITests-checkManifestLockResult.txt",
			);
			runOnlyForDeploymentPostprocessing = 0;
			shellPath = /bin/sh;
			shellScript = "diff \"${PODS_PODFILE_DIR_PATH}/Podfile.lock\" \"${PODS_ROOT}/Manifest.lock\" > /dev/null\nif [ $? != 0 ] ; then\n    # print error to STDERR\n    echo \"error: The sandbox is not in sync with the Podfile.lock. Run 'pod install' or update your CocoaPods installation.\" >&2\n    exit 1\nfi\n# This output is used by Xcode 'outputs' to avoid re-running this script phase.\necho \"SUCCESS\" > \"${SCRIPT_OUTPUT_FILE_0}\"\n";
			showEnvVarsInLog = 0;
		};
		9ACCAA5B945563A38327150B /* [CP] Check Pods Manifest.lock */ = {
			isa = PBXShellScriptBuildPhase;
			buildActionMask = 2147483647;
			files = (
			);
			inputFileListPaths = (
			);
			inputPaths = (
				"${PODS_PODFILE_DIR_PATH}/Podfile.lock",
				"${PODS_ROOT}/Manifest.lock",
			);
			name = "[CP] Check Pods Manifest.lock";
			outputFileListPaths = (
			);
			outputPaths = (
				"$(DERIVED_FILE_DIR)/Pods-SNFFmpeg-checkManifestLockResult.txt",
			);
			runOnlyForDeploymentPostprocessing = 0;
			shellPath = /bin/sh;
			shellScript = "diff \"${PODS_PODFILE_DIR_PATH}/Podfile.lock\" \"${PODS_ROOT}/Manifest.lock\" > /dev/null\nif [ $? != 0 ] ; then\n    # print error to STDERR\n    echo \"error: The sandbox is not in sync with the Podfile.lock. Run 'pod install' or update your CocoaPods installation.\" >&2\n    exit 1\nfi\n# This output is used by Xcode 'outputs' to avoid re-running this script phase.\necho \"SUCCESS\" > \"${SCRIPT_OUTPUT_FILE_0}\"\n";
			showEnvVarsInLog = 0;
		};
		B4BF1D63467E7262C123600B /* [CP] Check Pods Manifest.lock */ = {
			isa = PBXShellScriptBuildPhase;
			buildActionMask = 2147483647;
			files = (
			);
			inputFileListPaths = (
			);
			inputPaths = (
				"${PODS_PODFILE_DIR_PATH}/Podfile.lock",
				"${PODS_ROOT}/Manifest.lock",
			);
			name = "[CP] Check Pods Manifest.lock";
			outputFileListPaths = (
			);
			outputPaths = (
				"$(DERIVED_FILE_DIR)/Pods-SNFFmpegTests-checkManifestLockResult.txt",
			);
			runOnlyForDeploymentPostprocessing = 0;
			shellPath = /bin/sh;
			shellScript = "diff \"${PODS_PODFILE_DIR_PATH}/Podfile.lock\" \"${PODS_ROOT}/Manifest.lock\" > /dev/null\nif [ $? != 0 ] ; then\n    # print error to STDERR\n    echo \"error: The sandbox is not in sync with the Podfile.lock. Run 'pod install' or update your CocoaPods installation.\" >&2\n    exit 1\nfi\n# This output is used by Xcode 'outputs' to avoid re-running this script phase.\necho \"SUCCESS\" > \"${SCRIPT_OUTPUT_FILE_0}\"\n";
			showEnvVarsInLog = 0;
		};
/* End PBXShellScriptBuildPhase section */

/* Begin PBXSourcesBuildPhase section */
		98B8F0CC21E7579E00387F7C /* Sources */ = {
			isa = PBXSourcesBuildPhase;
			buildActionMask = 2147483647;
			files = (
				98B8F0D821E7579E00387F7C /* ViewController.m in Sources */,
				98B8F0E321E757A100387F7C /* main.m in Sources */,
				98B8F0D521E7579E00387F7C /* AppDelegate.m in Sources */,
			);
			runOnlyForDeploymentPostprocessing = 0;
		};
		98B8F0E421E757A200387F7C /* Sources */ = {
			isa = PBXSourcesBuildPhase;
			buildActionMask = 2147483647;
			files = (
				98B8F0ED21E757A200387F7C /* SNFFmpegTests.m in Sources */,
			);
			runOnlyForDeploymentPostprocessing = 0;
		};
		98B8F0EF21E757A200387F7C /* Sources */ = {
			isa = PBXSourcesBuildPhase;
			buildActionMask = 2147483647;
			files = (
				98B8F0F821E757A200387F7C /* SNFFmpegUITests.m in Sources */,
			);
			runOnlyForDeploymentPostprocessing = 0;
		};
/* End PBXSourcesBuildPhase section */

/* Begin PBXTargetDependency section */
		98B8F0EA21E757A200387F7C /* PBXTargetDependency */ = {
			isa = PBXTargetDependency;
			target = 98B8F0CF21E7579E00387F7C /* SNFFmpeg */;
			targetProxy = 98B8F0E921E757A200387F7C /* PBXContainerItemProxy */;
		};
		98B8F0F521E757A200387F7C /* PBXTargetDependency */ = {
			isa = PBXTargetDependency;
			target = 98B8F0CF21E7579E00387F7C /* SNFFmpeg */;
			targetProxy = 98B8F0F421E757A200387F7C /* PBXContainerItemProxy */;
		};
/* End PBXTargetDependency section */

/* Begin PBXVariantGroup section */
		98B8F0D921E7579E00387F7C /* Main.storyboard */ = {
			isa = PBXVariantGroup;
			children = (
				98B8F0DA21E7579E00387F7C /* Base */,
			);
			name = Main.storyboard;
			sourceTree = "<group>";
		};
		98B8F0DE21E757A100387F7C /* LaunchScreen.storyboard */ = {
			isa = PBXVariantGroup;
			children = (
				98B8F0DF21E757A100387F7C /* Base */,
			);
			name = LaunchScreen.storyboard;
			sourceTree = "<group>";
		};
/* End PBXVariantGroup section */

/* Begin XCBuildConfiguration section */
		98B8F0FA21E757A200387F7C /* Debug */ = {
			isa = XCBuildConfiguration;
			buildSettings = {
				ALWAYS_SEARCH_USER_PATHS = NO;
				CLANG_ANALYZER_NONNULL = YES;
				CLANG_ANALYZER_NUMBER_OBJECT_CONVERSION = YES_AGGRESSIVE;
				CLANG_CXX_LANGUAGE_STANDARD = "gnu++14";
				CLANG_CXX_LIBRARY = "libc++";
				CLANG_ENABLE_MODULES = YES;
				CLANG_ENABLE_OBJC_ARC = YES;
				CLANG_ENABLE_OBJC_WEAK = YES;
				CLANG_WARN_BLOCK_CAPTURE_AUTORELEASING = YES;
				CLANG_WARN_BOOL_CONVERSION = YES;
				CLANG_WARN_COMMA = YES;
				CLANG_WARN_CONSTANT_CONVERSION = YES;
				CLANG_WARN_DEPRECATED_OBJC_IMPLEMENTATIONS = YES;
				CLANG_WARN_DIRECT_OBJC_ISA_USAGE = YES_ERROR;
				CLANG_WARN_DOCUMENTATION_COMMENTS = YES;
				CLANG_WARN_EMPTY_BODY = YES;
				CLANG_WARN_ENUM_CONVERSION = YES;
				CLANG_WARN_INFINITE_RECURSION = YES;
				CLANG_WARN_INT_CONVERSION = YES;
				CLANG_WARN_NON_LITERAL_NULL_CONVERSION = YES;
				CLANG_WARN_OBJC_IMPLICIT_RETAIN_SELF = YES;
				CLANG_WARN_OBJC_LITERAL_CONVERSION = YES;
				CLANG_WARN_OBJC_ROOT_CLASS = YES_ERROR;
				CLANG_WARN_RANGE_LOOP_ANALYSIS = YES;
				CLANG_WARN_STRICT_PROTOTYPES = YES;
				CLANG_WARN_SUSPICIOUS_MOVE = YES;
				CLANG_WARN_UNGUARDED_AVAILABILITY = YES_AGGRESSIVE;
				CLANG_WARN_UNREACHABLE_CODE = YES;
				CLANG_WARN__DUPLICATE_METHOD_MATCH = YES;
				CODE_SIGN_IDENTITY = "iPhone Developer";
				COPY_PHASE_STRIP = NO;
				DEBUG_INFORMATION_FORMAT = dwarf;
				ENABLE_STRICT_OBJC_MSGSEND = YES;
				ENABLE_TESTABILITY = YES;
				GCC_C_LANGUAGE_STANDARD = gnu11;
				GCC_DYNAMIC_NO_PIC = NO;
				GCC_NO_COMMON_BLOCKS = YES;
				GCC_OPTIMIZATION_LEVEL = 0;
				GCC_PREPROCESSOR_DEFINITIONS = (
					"DEBUG=1",
					"$(inherited)",
				);
				GCC_WARN_64_TO_32_BIT_CONVERSION = YES;
				GCC_WARN_ABOUT_RETURN_TYPE = YES_ERROR;
				GCC_WARN_UNDECLARED_SELECTOR = YES;
				GCC_WARN_UNINITIALIZED_AUTOS = YES_AGGRESSIVE;
				GCC_WARN_UNUSED_FUNCTION = YES;
				GCC_WARN_UNUSED_VARIABLE = YES;
				IPHONEOS_DEPLOYMENT_TARGET = 12.1;
				MTL_ENABLE_DEBUG_INFO = INCLUDE_SOURCE;
				MTL_FAST_MATH = YES;
				ONLY_ACTIVE_ARCH = YES;
				SDKROOT = iphoneos;
			};
			name = Debug;
		};
		98B8F0FB21E757A200387F7C /* Release */ = {
			isa = XCBuildConfiguration;
			buildSettings = {
				ALWAYS_SEARCH_USER_PATHS = NO;
				CLANG_ANALYZER_NONNULL = YES;
				CLANG_ANALYZER_NUMBER_OBJECT_CONVERSION = YES_AGGRESSIVE;
				CLANG_CXX_LANGUAGE_STANDARD = "gnu++14";
				CLANG_CXX_LIBRARY = "libc++";
				CLANG_ENABLE_MODULES = YES;
				CLANG_ENABLE_OBJC_ARC = YES;
				CLANG_ENABLE_OBJC_WEAK = YES;
				CLANG_WARN_BLOCK_CAPTURE_AUTORELEASING = YES;
				CLANG_WARN_BOOL_CONVERSION = YES;
				CLANG_WARN_COMMA = YES;
				CLANG_WARN_CONSTANT_CONVERSION = YES;
				CLANG_WARN_DEPRECATED_OBJC_IMPLEMENTATIONS = YES;
				CLANG_WARN_DIRECT_OBJC_ISA_USAGE = YES_ERROR;
				CLANG_WARN_DOCUMENTATION_COMMENTS = YES;
				CLANG_WARN_EMPTY_BODY = YES;
				CLANG_WARN_ENUM_CONVERSION = YES;
				CLANG_WARN_INFINITE_RECURSION = YES;
				CLANG_WARN_INT_CONVERSION = YES;
				CLANG_WARN_NON_LITERAL_NULL_CONVERSION = YES;
				CLANG_WARN_OBJC_IMPLICIT_RETAIN_SELF = YES;
				CLANG_WARN_OBJC_LITERAL_CONVERSION = YES;
				CLANG_WARN_OBJC_ROOT_CLASS = YES_ERROR;
				CLANG_WARN_RANGE_LOOP_ANALYSIS = YES;
				CLANG_WARN_STRICT_PROTOTYPES = YES;
				CLANG_WARN_SUSPICIOUS_MOVE = YES;
				CLANG_WARN_UNGUARDED_AVAILABILITY = YES_AGGRESSIVE;
				CLANG_WARN_UNREACHABLE_CODE = YES;
				CLANG_WARN__DUPLICATE_METHOD_MATCH = YES;
				CODE_SIGN_IDENTITY = "iPhone Developer";
				COPY_PHASE_STRIP = NO;
				DEBUG_INFORMATION_FORMAT = "dwarf-with-dsym";
				ENABLE_NS_ASSERTIONS = NO;
				ENABLE_STRICT_OBJC_MSGSEND = YES;
				GCC_C_LANGUAGE_STANDARD = gnu11;
				GCC_NO_COMMON_BLOCKS = YES;
				GCC_WARN_64_TO_32_BIT_CONVERSION = YES;
				GCC_WARN_ABOUT_RETURN_TYPE = YES_ERROR;
				GCC_WARN_UNDECLARED_SELECTOR = YES;
				GCC_WARN_UNINITIALIZED_AUTOS = YES_AGGRESSIVE;
				GCC_WARN_UNUSED_FUNCTION = YES;
				GCC_WARN_UNUSED_VARIABLE = YES;
				IPHONEOS_DEPLOYMENT_TARGET = 12.1;
				MTL_ENABLE_DEBUG_INFO = NO;
				MTL_FAST_MATH = YES;
				SDKROOT = iphoneos;
				VALIDATE_PRODUCT = YES;
			};
			name = Release;
		};
		98B8F0FD21E757A200387F7C /* Debug */ = {
			isa = XCBuildConfiguration;
			baseConfigurationReference = B5D7313F96DE997D0F2E9D03 /* Pods-SNFFmpeg.debug.xcconfig */;
			buildSettings = {
				ASSETCATALOG_COMPILER_APPICON_NAME = AppIcon;
				CODE_SIGN_STYLE = Automatic;
				INFOPLIST_FILE = SNFFmpeg/Info.plist;
				LD_RUNPATH_SEARCH_PATHS = (
					"$(inherited)",
					"@executable_path/Frameworks",
				);
				LIBRARY_SEARCH_PATHS = (
					"$(inherited)",
					"$(PROJECT_DIR)/SNFFmpeg/FFmpeg/lib",
				);
				PRODUCT_BUNDLE_IDENTIFIER = snlo.SNFFmpeg;
				PRODUCT_NAME = "$(TARGET_NAME)";
				TARGETED_DEVICE_FAMILY = "1,2";
			};
			name = Debug;
		};
		98B8F0FE21E757A200387F7C /* Release */ = {
			isa = XCBuildConfiguration;
			baseConfigurationReference = 2DAD87C48CD08FDF3DFF93AE /* Pods-SNFFmpeg.release.xcconfig */;
			buildSettings = {
				ASSETCATALOG_COMPILER_APPICON_NAME = AppIcon;
				CODE_SIGN_STYLE = Automatic;
				INFOPLIST_FILE = SNFFmpeg/Info.plist;
				LD_RUNPATH_SEARCH_PATHS = (
					"$(inherited)",
					"@executable_path/Frameworks",
				);
				LIBRARY_SEARCH_PATHS = (
					"$(inherited)",
					"$(PROJECT_DIR)/SNFFmpeg/FFmpeg/lib",
				);
				PRODUCT_BUNDLE_IDENTIFIER = snlo.SNFFmpeg;
				PRODUCT_NAME = "$(TARGET_NAME)";
				TARGETED_DEVICE_FAMILY = "1,2";
			};
			name = Release;
		};
		98B8F10021E757A200387F7C /* Debug */ = {
			isa = XCBuildConfiguration;
			baseConfigurationReference = C66EF8A0B0F9335CD674902D /* Pods-SNFFmpegTests.debug.xcconfig */;
			buildSettings = {
				BUNDLE_LOADER = "$(TEST_HOST)";
				CODE_SIGN_STYLE = Automatic;
				INFOPLIST_FILE = SNFFmpegTests/Info.plist;
				LD_RUNPATH_SEARCH_PATHS = (
					"$(inherited)",
					"@executable_path/Frameworks",
					"@loader_path/Frameworks",
				);
				PRODUCT_BUNDLE_IDENTIFIER = snlo.SNFFmpegTests;
				PRODUCT_NAME = "$(TARGET_NAME)";
				TARGETED_DEVICE_FAMILY = "1,2";
				TEST_HOST = "$(BUILT_PRODUCTS_DIR)/SNFFmpeg.app/SNFFmpeg";
			};
			name = Debug;
		};
		98B8F10121E757A200387F7C /* Release */ = {
			isa = XCBuildConfiguration;
			baseConfigurationReference = 5597AC46DCE44D906BC54B73 /* Pods-SNFFmpegTests.release.xcconfig */;
			buildSettings = {
				BUNDLE_LOADER = "$(TEST_HOST)";
				CODE_SIGN_STYLE = Automatic;
				INFOPLIST_FILE = SNFFmpegTests/Info.plist;
				LD_RUNPATH_SEARCH_PATHS = (
					"$(inherited)",
					"@executable_path/Frameworks",
					"@loader_path/Frameworks",
				);
				PRODUCT_BUNDLE_IDENTIFIER = snlo.SNFFmpegTests;
				PRODUCT_NAME = "$(TARGET_NAME)";
				TARGETED_DEVICE_FAMILY = "1,2";
				TEST_HOST = "$(BUILT_PRODUCTS_DIR)/SNFFmpeg.app/SNFFmpeg";
			};
			name = Release;
		};
		98B8F10321E757A200387F7C /* Debug */ = {
			isa = XCBuildConfiguration;
			baseConfigurationReference = 08140FEDDFB546C9C34E5BF6 /* Pods-SNFFmpegUITests.debug.xcconfig */;
			buildSettings = {
				CODE_SIGN_STYLE = Automatic;
				INFOPLIST_FILE = SNFFmpegUITests/Info.plist;
				LD_RUNPATH_SEARCH_PATHS = (
					"$(inherited)",
					"@executable_path/Frameworks",
					"@loader_path/Frameworks",
				);
				PRODUCT_BUNDLE_IDENTIFIER = snlo.SNFFmpegUITests;
				PRODUCT_NAME = "$(TARGET_NAME)";
				TARGETED_DEVICE_FAMILY = "1,2";
				TEST_TARGET_NAME = SNFFmpeg;
			};
			name = Debug;
		};
		98B8F10421E757A200387F7C /* Release */ = {
			isa = XCBuildConfiguration;
			baseConfigurationReference = CB897F14AEBB99A26D3B7EEC /* Pods-SNFFmpegUITests.release.xcconfig */;
			buildSettings = {
				CODE_SIGN_STYLE = Automatic;
				INFOPLIST_FILE = SNFFmpegUITests/Info.plist;
				LD_RUNPATH_SEARCH_PATHS = (
					"$(inherited)",
					"@executable_path/Frameworks",
					"@loader_path/Frameworks",
				);
				PRODUCT_BUNDLE_IDENTIFIER = snlo.SNFFmpegUITests;
				PRODUCT_NAME = "$(TARGET_NAME)";
				TARGETED_DEVICE_FAMILY = "1,2";
				TEST_TARGET_NAME = SNFFmpeg;
			};
			name = Release;
		};
/* End XCBuildConfiguration section */

/* Begin XCConfigurationList section */
		98B8F0CB21E7579D00387F7C /* Build configuration list for PBXProject "SNFFmpeg" */ = {
			isa = XCConfigurationList;
			buildConfigurations = (
				98B8F0FA21E757A200387F7C /* Debug */,
				98B8F0FB21E757A200387F7C /* Release */,
			);
			defaultConfigurationIsVisible = 0;
			defaultConfigurationName = Release;
		};
		98B8F0FC21E757A200387F7C /* Build configuration list for PBXNativeTarget "SNFFmpeg" */ = {
			isa = XCConfigurationList;
			buildConfigurations = (
				98B8F0FD21E757A200387F7C /* Debug */,
				98B8F0FE21E757A200387F7C /* Release */,
			);
			defaultConfigurationIsVisible = 0;
			defaultConfigurationName = Release;
		};
		98B8F0FF21E757A200387F7C /* Build configuration list for PBXNativeTarget "SNFFmpegTests" */ = {
			isa = XCConfigurationList;
			buildConfigurations = (
				98B8F10021E757A200387F7C /* Debug */,
				98B8F10121E757A200387F7C /* Release */,
			);
			defaultConfigurationIsVisible = 0;
			defaultConfigurationName = Release;
		};
		98B8F10221E757A200387F7C /* Build configuration list for PBXNativeTarget "SNFFmpegUITests" */ = {
			isa = XCConfigurationList;
			buildConfigurations = (
				98B8F10321E757A200387F7C /* Debug */,
				98B8F10421E757A200387F7C /* Release */,
			);
			defaultConfigurationIsVisible = 0;
			defaultConfigurationName = Release;
		};
/* End XCConfigurationList section */
	};
	rootObject = 98B8F0C821E7579D00387F7C /* Project object */;
}
